
Microsoft Visual Studio Solution File, Format Version 12.00
# Visual Studio Version 17
VisualStudioVersion = 17.7.34003.232
MinimumVisualStudioVersion = 10.0.40219.1
Project("{FAE04EC0-301F-11D3-BF4B-00C04F79EFBC}") = "Fenris_TaskApp", "Fenris_TaskApp\Fenris_TaskApp.csproj", "{977E3D70-CC12-4FA8-BA76-933D18373707}"
EndProject
Global
	GlobalSection(SolutionConfigurationPlatforms) = preSolution
		Debug|Any CPU = Debug|Any CPU
		Release|Any CPU = Release|Any CPU
	EndGlobalSection
	GlobalSection(ProjectConfigurationPlatforms) = postSolution
		{977E3D70-CC12-4FA8-BA76-933D18373707}.Debug|Any CPU.ActiveCfg = Debug|Any CPU
		{977E3D70-CC12-4FA8-BA76-933D18373707}.Debug|Any CPU.Build.0 = Debug|Any CPU
		{977E3D70-CC12-4FA8-BA76-933D18373707}.Release|Any CPU.ActiveCfg = Release|Any CPU
		{977E3D70-CC12-4FA8-BA76-933D18373707}.Release|Any CPU.Build.0 = Release|Any CPU
	EndGlobalSection
	GlobalSection(SolutionProperties) = preSolution
		HideSolutionNode = FALSE
	EndGlobalSection
	GlobalSection(ExtensibilityGlobals) = postSolution
		SolutionGuid = {6CBE3FFC-529F-41A8-B0AF-132F1E2BD243}
	EndGlobalSection
EndGlobal
